
Microsoft Visual Studio Solution File, Format Version 12.00
# Visual Studio 15
VisualStudioVersion = 15.0.27130.2010
MinimumVisualStudioVersion = 10.0.40219.1
Project("{FAE04EC0-301F-11D3-BF4B-00C04F79EFBC}") = "MBran.Error404", "MBran.Error404.csproj", "{97BF94D1-A3DA-413F-BE71-CBF3CE23766D}"
EndProject
Project("{FAE04EC0-301F-11D3-BF4B-00C04F79EFBC}") = "MBran.Error404.Test", "..\MBran.Error404.Test\MBran.Error404.Test.csproj", "{DA763DFA-BA89-4E7B-851F-2EC36FAC2EAB}"
EndProject
Global
	GlobalSection(SolutionConfigurationPlatforms) = preSolution
		Debug|Any CPU = Debug|Any CPU
		Release|Any CPU = Release|Any CPU
	EndGlobalSection
	GlobalSection(ProjectConfigurationPlatforms) = postSolution
		{97BF94D1-A3DA-413F-BE71-CBF3CE23766D}.Debug|Any CPU.ActiveCfg = Debug|Any CPU
		{97BF94D1-A3DA-413F-BE71-CBF3CE23766D}.Debug|Any CPU.Build.0 = Debug|Any CPU
		{97BF94D1-A3DA-413F-BE71-CBF3CE23766D}.Release|Any CPU.ActiveCfg = Release|Any CPU
		{97BF94D1-A3DA-413F-BE71-CBF3CE23766D}.Release|Any CPU.Build.0 = Release|Any CPU
		{DA763DFA-BA89-4E7B-851F-2EC36FAC2EAB}.Debug|Any CPU.ActiveCfg = Debug|Any CPU
		{DA763DFA-BA89-4E7B-851F-2EC36FAC2EAB}.Debug|Any CPU.Build.0 = Debug|Any CPU
		{DA763DFA-BA89-4E7B-851F-2EC36FAC2EAB}.Release|Any CPU.ActiveCfg = Release|Any CPU
		{DA763DFA-BA89-4E7B-851F-2EC36FAC2EAB}.Release|Any CPU.Build.0 = Release|Any CPU
	EndGlobalSection
	GlobalSection(SolutionProperties) = preSolution
		HideSolutionNode = FALSE
	EndGlobalSection
	GlobalSection(ExtensibilityGlobals) = postSolution
		SolutionGuid = {C16A52AF-6634-4615-815F-E05BDFCEC9F7}
	EndGlobalSection
EndGlobal
